
Microsoft Visual Studio Solution File, Format Version 12.00
# Visual Studio Version 16
VisualStudioVersion = 16.0.32901.82
MinimumVisualStudioVersion = 10.0.40219.1
Project("{FAE04EC0-301F-11D3-BF4B-00C04F79EFBC}") = "Array", "Array\Array.csproj", "{60D16C97-19D1-4FFD-83F2-55BC2527E1DB}"
EndProject
Global
	GlobalSection(SolutionConfigurationPlatforms) = preSolution
		Debug|Any CPU = Debug|Any CPU
		Release|Any CPU = Release|Any CPU
	EndGlobalSection
	GlobalSection(ProjectConfigurationPlatforms) = postSolution
		{60D16C97-19D1-4FFD-83F2-55BC2527E1DB}.Debug|Any CPU.ActiveCfg = Debug|Any CPU
		{60D16C97-19D1-4FFD-83F2-55BC2527E1DB}.Debug|Any CPU.Build.0 = Debug|Any CPU
		{60D16C97-19D1-4FFD-83F2-55BC2527E1DB}.Release|Any CPU.ActiveCfg = Release|Any CPU
		{60D16C97-19D1-4FFD-83F2-55BC2527E1DB}.Release|Any CPU.Build.0 = Release|Any CPU
	EndGlobalSection
	GlobalSection(SolutionProperties) = preSolution
		HideSolutionNode = FALSE
	EndGlobalSection
	GlobalSection(ExtensibilityGlobals) = postSolution
		SolutionGuid = {D8D0656B-97B4-4380-89E8-218B9FA4D767}
	EndGlobalSection
EndGlobal
