
Microsoft Visual Studio Solution File, Format Version 12.00
# Visual Studio Version 16
VisualStudioVersion = 16.0.32901.82
MinimumVisualStudioVersion = 10.0.40219.1
Project("{FAE04EC0-301F-11D3-BF4B-00C04F79EFBC}") = "Positivenumber", "Positivenumber\Positivenumber.csproj", "{8E86C9F9-32F6-4463-8032-EFC0731CDB99}"
EndProject
Global
	GlobalSection(SolutionConfigurationPlatforms) = preSolution
		Debug|Any CPU = Debug|Any CPU
		Release|Any CPU = Release|Any CPU
	EndGlobalSection
	GlobalSection(ProjectConfigurationPlatforms) = postSolution
		{8E86C9F9-32F6-4463-8032-EFC0731CDB99}.Debug|Any CPU.ActiveCfg = Debug|Any CPU
		{8E86C9F9-32F6-4463-8032-EFC0731CDB99}.Debug|Any CPU.Build.0 = Debug|Any CPU
		{8E86C9F9-32F6-4463-8032-EFC0731CDB99}.Release|Any CPU.ActiveCfg = Release|Any CPU
		{8E86C9F9-32F6-4463-8032-EFC0731CDB99}.Release|Any CPU.Build.0 = Release|Any CPU
	EndGlobalSection
	GlobalSection(SolutionProperties) = preSolution
		HideSolutionNode = FALSE
	EndGlobalSection
	GlobalSection(ExtensibilityGlobals) = postSolution
		SolutionGuid = {9A38E8A3-F210-4739-ADDA-930A6656F91E}
	EndGlobalSection
EndGlobal
