
Microsoft Visual Studio Solution File, Format Version 12.00
# Visual Studio Version 16
VisualStudioVersion = 16.0.32929.386
MinimumVisualStudioVersion = 10.0.40219.1
Project("{FAE04EC0-301F-11D3-BF4B-00C04F79EFBC}") = "Assignment6", "Assignment5\Assignment6.csproj", "{20954381-9DF2-4BCC-BF99-D7B8475FBBDB}"
EndProject
Global
	GlobalSection(SolutionConfigurationPlatforms) = preSolution
		Debug|Any CPU = Debug|Any CPU
		Release|Any CPU = Release|Any CPU
	EndGlobalSection
	GlobalSection(ProjectConfigurationPlatforms) = postSolution
		{20954381-9DF2-4BCC-BF99-D7B8475FBBDB}.Debug|Any CPU.ActiveCfg = Debug|Any CPU
		{20954381-9DF2-4BCC-BF99-D7B8475FBBDB}.Debug|Any CPU.Build.0 = Debug|Any CPU
		{20954381-9DF2-4BCC-BF99-D7B8475FBBDB}.Release|Any CPU.ActiveCfg = Release|Any CPU
		{20954381-9DF2-4BCC-BF99-D7B8475FBBDB}.Release|Any CPU.Build.0 = Release|Any CPU
	EndGlobalSection
	GlobalSection(SolutionProperties) = preSolution
		HideSolutionNode = FALSE
	EndGlobalSection
	GlobalSection(ExtensibilityGlobals) = postSolution
		SolutionGuid = {755F8052-8626-44A6-B329-D00DBD7849D1}
	EndGlobalSection
EndGlobal
